// !$*UTF8*$!
{
	archiveVersion = 1;
	classes = {
	};
	objectVersion = 77;
	objects = {

/* Begin PBXContainerItemProxy section */
		33DB1D692F74C8B200526BA5 /* PBXContainerItemProxy */ = {
			isa = PBXContainerItemProxy;
			containerPortal = 33DB1D512F74C8B100526BA5 /* Project object */;
			proxyType = 1;
			remoteGlobalIDString = 33DB1D582F74C8B100526BA5;
			remoteInfo = DataShuttle;
		};
		33DB1D732F74C8B200526BA5 /* PBXContainerItemProxy */ = {
			isa = PBXContainerItemProxy;
			containerPortal = 33DB1D512F74C8B100526BA5 /* Project object */;
			proxyType = 1;
			remoteGlobalIDString = 33DB1D582F74C8B100526BA5;
			remoteInfo = DataShuttle;
		};
/* End PBXContainerItemProxy section */

/* Begin PBXFileReference section */
		33DB1D592F74C8B100526BA5 /* DataShuttle.app */ = {isa = PBXFileReference; explicitFileType = wrapper.application; includeInIndex = 0; path = DataShuttle.app; sourceTree = BUILT_PRODUCTS_DIR; };
		33DB1D682F74C8B200526BA5 /* DataShuttleTests.xctest */ = {isa = PBXFileReference; explicitFileType = wrapper.cfbundle; includeInIndex = 0; path = DataShuttleTests.xctest; sourceTree = BUILT_PRODUCTS_DIR; };
		33DB1D722F74C8B200526BA5 /* DataShuttleUITests.xctest */ = {isa = PBXFileReference; explicitFileType = wrapper.cfbundle; includeInIndex = 0; path = DataShuttleUITests.xctest; sourceTree = BUILT_PRODUCTS_DIR; };
/* End PBXFileReference section */

/* Begin PBXFileSystemSynchronizedRootGroup section */
		33DB1D5B2F74C8B100526BA5 /* DataShuttle */ = {
			isa = PBXFileSystemSynchronizedRootGroup;
			path = DataShuttle;
			sourceTree = "<group>";
		};
		33DB1D6B2F74C8B200526BA5 /* DataShuttleTests */ = {
			isa = PBXFileSystemSynchronizedRootGroup;
			path = DataShuttleTests;
			sourceTree = "<group>";
		};
		33DB1D752F74C8B200526BA5 /* DataShuttleUITests */ = {
			isa = PBXFileSystemSynchronizedRootGroup;
			path = DataShuttleUITests;
			sourceTree = "<group>";
		};
/* End PBXFileSystemSynchronizedRootGroup section */

/* Begin PBXFrameworksBuildPhase section */
		33DB1D562F74C8B100526BA5 /* Frameworks */ = {
			isa = PBXFrameworksBuildPhase;
			buildActionMask = 2147483647;
			files = (
			);
			runOnlyForDeploymentPostprocessing = 0;
		};
		33DB1D652F74C8B200526BA5 /* Frameworks */ = {
			isa = PBXFrameworksBuildPhase;
			buildActionMask = 2147483647;
			files = (
			);
			runOnlyForDeploymentPostprocessing = 0;
		};
		33DB1D6F2F74C8B200526BA5 /* Frameworks */ = {
			isa = PBXFrameworksBuildPhase;
			buildActionMask = 2147483647;
			files = (
			);
			runOnlyForDeploymentPostprocessing = 0;
		};
/* End PBXFrameworksBuildPhase section */

/* Begin PBXGroup section */
		33DB1D502F74C8B100526BA5 = {
			isa = PBXGroup;
			children = (
				33DB1D5B2F74C8B100526BA5 /* DataShuttle */,
				33DB1D6B2F74C8B200526BA5 /* DataShuttleTests */,
				33DB1D752F74C8B200526BA5 /* DataShuttleUITests */,
				33DB1D5A2F74C8B100526BA5 /* Products */,
			);
			sourceTree = "<group>";
		};
		33DB1D5A2F74C8B100526BA5 /* Products */ = {
			isa = PBXGroup;
			children = (
				33DB1D592F74C8B100526BA5 /* DataShuttle.app */,
				33DB1D682F74C8B200526BA5 /* DataShuttleTests.xctest */,
				33DB1D722F74C8B200526BA5 /* DataShuttleUITests.xctest */,
			);
			name = Products;
			sourceTree = "<group>";
		};
/* End PBXGroup section */

/* Begin PBXNativeTarget section */
		33DB1D582F74C8B100526BA5 /* DataShuttle */ = {
			isa = PBXNativeTarget;
			buildConfigurationList = 33DB1D7C2F74C8B200526BA5 /* Build configuration list for PBXNativeTarget "DataShuttle" */;
			buildPhases = (
				33DB1D552F74C8B100526BA5 /* Sources */,
				33DB1D562F74C8B100526BA5 /* Frameworks */,
				33DB1D572F74C8B100526BA5 /* Resources */,
			);
			buildRules = (
			);
			dependencies = (
			);
			fileSystemSynchronizedGroups = (
				33DB1D5B2F74C8B100526BA5 /* DataShuttle */,
			);
			name = DataShuttle;
			packageProductDependencies = (
			);
			productName = DataShuttle;
			productReference = 33DB1D592F74C8B100526BA5 /* DataShuttle.app */;
			productType = "com.apple.product-type.application";
		};
		33DB1D672F74C8B200526BA5 /* DataShuttleTests */ = {
			isa = PBXNativeTarget;
			buildConfigurationList = 33DB1D7F2F74C8B200526BA5 /* Build configuration list for PBXNativeTarget "DataShuttleTests" */;
			buildPhases = (
				33DB1D642F74C8B200526BA5 /* Sources */,
				33DB1D652F74C8B200526BA5 /* Frameworks */,
				33DB1D662F74C8B200526BA5 /* Resources */,
			);
			buildRules = (
			);
			dependencies = (
				33DB1D6A2F74C8B200526BA5 /* PBXTargetDependency */,
			);
			fileSystemSynchronizedGroups = (
				33DB1D6B2F74C8B200526BA5 /* DataShuttleTests */,
			);
			name = DataShuttleTests;
			packageProductDependencies = (
			);
			productName = DataShuttleTests;
			productReference = 33DB1D682F74C8B200526BA5 /* DataShuttleTests.xctest */;
			productType = "com.apple.product-type.bundle.unit-test";
		};
		33DB1D712F74C8B200526BA5 /* DataShuttleUITests */ = {
			isa = PBXNativeTarget;
			buildConfigurationList = 33DB1D822F74C8B200526BA5 /* Build configuration list for PBXNativeTarget "DataShuttleUITests" */;
			buildPhases = (
				33DB1D6E2F74C8B200526BA5 /* Sources */,
				33DB1D6F2F74C8B200526BA5 /* Frameworks */,
				33DB1D702F74C8B200526BA5 /* Resources */,
			);
			buildRules = (
			);
			dependencies = (
				33DB1D742F74C8B200526BA5 /* PBXTargetDependency */,
			);
			fileSystemSynchronizedGroups = (
				33DB1D752F74C8B200526BA5 /* DataShuttleUITests */,
			);
			name = DataShuttleUITests;
			packageProductDependencies = (
			);
			productName = DataShuttleUITests;
			productReference = 33DB1D722F74C8B200526BA5 /* DataShuttleUITests.xctest */;
			productType = "com.apple.product-type.bundle.ui-testing";
		};
/* End PBXNativeTarget section */

/* Begin PBXProject section */
		33DB1D512F74C8B100526BA5 /* Project object */ = {
			isa = PBXProject;
			attributes = {
				BuildIndependentTargetsInParallel = 1;
				LastSwiftUpdateCheck = 2640;
				LastUpgradeCheck = 2640;
				TargetAttributes = {
					33DB1D582F74C8B100526BA5 = {
						CreatedOnToolsVersion = 26.4;
					};
					33DB1D672F74C8B200526BA5 = {
						CreatedOnToolsVersion = 26.4;
						TestTargetID = 33DB1D582F74C8B100526BA5;
					};
					33DB1D712F74C8B200526BA5 = {
						CreatedOnToolsVersion = 26.4;
						TestTargetID = 33DB1D582F74C8B100526BA5;
					};
				};
			};
			buildConfigurationList = 33DB1D542F74C8B100526BA5 /* Build configuration list for PBXProject "DataShuttle" */;
			developmentRegion = vi;
			hasScannedForEncodings = 0;
			knownRegions = (
				vi,
				en,
				es,
				fr,
				de,
				"pt-BR",
				ru,
				"zh-Hans",
				ja,
				ko,
				hi,
				ar,
				Base,
			);
			mainGroup = 33DB1D502F74C8B100526BA5;
			minimizedProjectReferenceProxies = 1;
			preferredProjectObjectVersion = 77;
			productRefGroup = 33DB1D5A2F74C8B100526BA5 /* Products */;
			projectDirPath = "";
			projectRoot = "";
			targets = (
				33DB1D582F74C8B100526BA5 /* DataShuttle */,
				33DB1D672F74C8B200526BA5 /* DataShuttleTests */,
				33DB1D712F74C8B200526BA5 /* DataShuttleUITests */,
			);
		};
/* End PBXProject section */

/* Begin PBXResourcesBuildPhase section */
		33DB1D572F74C8B100526BA5 /* Resources */ = {
			isa = PBXResourcesBuildPhase;
			buildActionMask = 2147483647;
			files = (
			);
			runOnlyForDeploymentPostprocessing = 0;
		};
		33DB1D662F74C8B200526BA5 /* Resources */ = {
			isa = PBXResourcesBuildPhase;
			buildActionMask = 2147483647;
			files = (
			);
			runOnlyForDeploymentPostprocessing = 0;
		};
		33DB1D702F74C8B200526BA5 /* Resources */ = {
			isa = PBXResourcesBuildPhase;
			buildActionMask = 2147483647;
			files = (
			);
			runOnlyForDeploymentPostprocessing = 0;
		};
/* End PBXResourcesBuildPhase section */

/* Begin PBXSourcesBuildPhase section */
		33DB1D552F74C8B100526BA5 /* Sources */ = {
			isa = PBXSourcesBuildPhase;
			buildActionMask = 2147483647;
			files = (
			);
			runOnlyForDeploymentPostprocessing = 0;
		};
		33DB1D642F74C8B200526BA5 /* Sources */ = {
			isa = PBXSourcesBuildPhase;
			buildActionMask = 2147483647;
			files = (
			);
			runOnlyForDeploymentPostprocessing = 0;
		};
		33DB1D6E2F74C8B200526BA5 /* Sources */ = {
			isa = PBXSourcesBuildPhase;
			buildActionMask = 2147483647;
			files = (
			);
			runOnlyForDeploymentPostprocessing = 0;
		};
/* End PBXSourcesBuildPhase section */

/* Begin PBXTargetDependency section */
		33DB1D6A2F74C8B200526BA5 /* PBXTargetDependency */ = {
			isa = PBXTargetDependency;
			target = 33DB1D582F74C8B100526BA5 /* DataShuttle */;
			targetProxy = 33DB1D692F74C8B200526BA5 /* PBXContainerItemProxy */;
		};
		33DB1D742F74C8B200526BA5 /* PBXTargetDependency */ = {
			isa = PBXTargetDependency;
			target = 33DB1D582F74C8B100526BA5 /* DataShuttle */;
			targetProxy = 33DB1D732F74C8B200526BA5 /* PBXContainerItemProxy */;
		};
/* End PBXTargetDependency section */

/* Begin XCBuildConfiguration section */
		33DB1D7A2F74C8B200526BA5 /* Debug */ = {
			isa = XCBuildConfiguration;
			buildSettings = {
				ALWAYS_SEARCH_USER_PATHS = NO;
				ASSETCATALOG_COMPILER_GENERATE_SWIFT_ASSET_SYMBOL_EXTENSIONS = YES;
				CLANG_ANALYZER_NONNULL = YES;
				CLANG_ANALYZER_NUMBER_OBJECT_CONVERSION = YES_AGGRESSIVE;
				CLANG_CXX_LANGUAGE_STANDARD = "gnu++20";
				CLANG_ENABLE_MODULES = YES;
				CLANG_ENABLE_OBJC_ARC = YES;
				CLANG_ENABLE_OBJC_WEAK = YES;
				CLANG_WARN_BLOCK_CAPTURE_AUTORELEASING = YES;
				CLANG_WARN_BOOL_CONVERSION = YES;
				CLANG_WARN_COMMA = YES;
				CLANG_WARN_CONSTANT_CONVERSION = YES;
				CLANG_WARN_DEPRECATED_OBJC_IMPLEMENTATIONS = YES;
				CLANG_WARN_DIRECT_OBJC_ISA_USAGE = YES_ERROR;
				CLANG_WARN_DOCUMENTATION_COMMENTS = YES;
				CLANG_WARN_EMPTY_BODY = YES;
				CLANG_WARN_ENUM_CONVERSION = YES;
				CLANG_WARN_INFINITE_RECURSION = YES;
				CLANG_WARN_INT_CONVERSION = YES;
				CLANG_WARN_NON_LITERAL_NULL_CONVERSION = YES;
				CLANG_WARN_OBJC_IMPLICIT_RETAIN_SELF = YES;
				CLANG_WARN_OBJC_LITERAL_CONVERSION = YES;
				CLANG_WARN_OBJC_ROOT_CLASS = YES_ERROR;
				CLANG_WARN_QUOTED_INCLUDE_IN_FRAMEWORK_HEADER = YES;
				CLANG_WARN_RANGE_LOOP_ANALYSIS = YES;
				CLANG_WARN_STRICT_PROTOTYPES = YES;
				CLANG_WARN_SUSPICIOUS_MOVE = YES;
				CLANG_WARN_UNGUARDED_AVAILABILITY = YES_AGGRESSIVE;
				CLANG_WARN_UNREACHABLE_CODE = YES;
				CLANG_WARN__DUPLICATE_METHOD_MATCH = YES;
				COPY_PHASE_STRIP = NO;
				DEBUG_INFORMATION_FORMAT = dwarf;
				DEVELOPMENT_TEAM = LLSUV2T7KS;
				ENABLE_STRICT_OBJC_MSGSEND = YES;
				ENABLE_TESTABILITY = YES;
				ENABLE_USER_SCRIPT_SANDBOXING = YES;
				GCC_C_LANGUAGE_STANDARD = gnu17;
				GCC_DYNAMIC_NO_PIC = NO;
				GCC_NO_COMMON_BLOCKS = YES;
				GCC_OPTIMIZATION_LEVEL = 0;
				GCC_PREPROCESSOR_DEFINITIONS = (
					"DEBUG=1",
					"$(inherited)",
				);
				GCC_WARN_64_TO_32_BIT_CONVERSION = YES;
				GCC_WARN_ABOUT_RETURN_TYPE = YES_ERROR;
				GCC_WARN_UNDECLARED_SELECTOR = YES;
				GCC_WARN_UNINITIALIZED_AUTOS = YES_AGGRESSIVE;
				GCC_WARN_UNUSED_FUNCTION = YES;
				GCC_WARN_UNUSED_VARIABLE = YES;
				LOCALIZATION_PREFERS_STRING_CATALOGS = YES;
				MACOSX_DEPLOYMENT_TARGET = 26.3;
				MTL_ENABLE_DEBUG_INFO = INCLUDE_SOURCE;
				MTL_FAST_MATH = YES;
				ONLY_ACTIVE_ARCH = YES;
				SDKROOT = macosx;
				SWIFT_ACTIVE_COMPILATION_CONDITIONS = "DEBUG $(inherited)";
				SWIFT_OPTIMIZATION_LEVEL = "-Onone";
			};
			name = Debug;
		};
		33DB1D7B2F74C8B200526BA5 /* Release */ = {
			isa = XCBuildConfiguration;
			buildSettings = {
				ALWAYS_SEARCH_USER_PATHS = NO;
				ASSETCATALOG_COMPILER_GENERATE_SWIFT_ASSET_SYMBOL_EXTENSIONS = YES;
				CLANG_ANALYZER_NONNULL = YES;
				CLANG_ANALYZER_NUMBER_OBJECT_CONVERSION = YES_AGGRESSIVE;
				CLANG_CXX_LANGUAGE_STANDARD = "gnu++20";
				CLANG_ENABLE_MODULES = YES;
				CLANG_ENABLE_OBJC_ARC = YES;
				CLANG_ENABLE_OBJC_WEAK = YES;
				CLANG_WARN_BLOCK_CAPTURE_AUTORELEASING = YES;
				CLANG_WARN_BOOL_CONVERSION = YES;
				CLANG_WARN_COMMA = YES;
				CLANG_WARN_CONSTANT_CONVERSION = YES;
				CLANG_WARN_DEPRECATED_OBJC_IMPLEMENTATIONS = YES;
				CLANG_WARN_DIRECT_OBJC_ISA_USAGE = YES_ERROR;
				CLANG_WARN_DOCUMENTATION_COMMENTS = YES;
				CLANG_WARN_EMPTY_BODY = YES;
				CLANG_WARN_ENUM_CONVERSION = YES;
				CLANG_WARN_INFINITE_RECURSION = YES;
				CLANG_WARN_INT_CONVERSION = YES;
				CLANG_WARN_NON_LITERAL_NULL_CONVERSION = YES;
				CLANG_WARN_OBJC_IMPLICIT_RETAIN_SELF = YES;
				CLANG_WARN_OBJC_LITERAL_CONVERSION = YES;
				CLANG_WARN_OBJC_ROOT_CLASS = YES_ERROR;
				CLANG_WARN_QUOTED_INCLUDE_IN_FRAMEWORK_HEADER = YES;
				CLANG_WARN_RANGE_LOOP_ANALYSIS = YES;
				CLANG_WARN_STRICT_PROTOTYPES = YES;
				CLANG_WARN_SUSPICIOUS_MOVE = YES;
				CLANG_WARN_UNGUARDED_AVAILABILITY = YES_AGGRESSIVE;
				CLANG_WARN_UNREACHABLE_CODE = YES;
				CLANG_WARN__DUPLICATE_METHOD_MATCH = YES;
				COPY_PHASE_STRIP = NO;
				DEBUG_INFORMATION_FORMAT = "dwarf-with-dsym";
				DEVELOPMENT_TEAM = LLSUV2T7KS;
				ENABLE_NS_ASSERTIONS = NO;
				ENABLE_STRICT_OBJC_MSGSEND = YES;
				ENABLE_USER_SCRIPT_SANDBOXING = YES;
				GCC_C_LANGUAGE_STANDARD = gnu17;
				GCC_NO_COMMON_BLOCKS = YES;
				GCC_WARN_64_TO_32_BIT_CONVERSION = YES;
				GCC_WARN_ABOUT_RETURN_TYPE = YES_ERROR;
				GCC_WARN_UNDECLARED_SELECTOR = YES;
				GCC_WARN_UNINITIALIZED_AUTOS = YES_AGGRESSIVE;
				GCC_WARN_UNUSED_FUNCTION = YES;
				GCC_WARN_UNUSED_VARIABLE = YES;
				LOCALIZATION_PREFERS_STRING_CATALOGS = YES;
				MACOSX_DEPLOYMENT_TARGET = 26.3;
				MTL_ENABLE_DEBUG_INFO = NO;
				MTL_FAST_MATH = YES;
				SDKROOT = macosx;
				SWIFT_COMPILATION_MODE = wholemodule;
			};
			name = Release;
		};
		33DB1D7D2F74C8B200526BA5 /* Debug */ = {
			isa = XCBuildConfiguration;
			buildSettings = {
				ASSETCATALOG_COMPILER_APPICON_NAME = AppIcon;
				ASSETCATALOG_COMPILER_GLOBAL_ACCENT_COLOR_NAME = AccentColor;
				CODE_SIGN_ENTITLEMENTS = DataShuttle/DataShuttle.entitlements;
				CODE_SIGN_STYLE = Automatic;
				COMBINE_HIDPI_IMAGES = YES;
				CURRENT_PROJECT_VERSION = 1;
				DEVELOPMENT_TEAM = LLSUV2T7KS;
				ENABLE_APP_SANDBOX = YES;
				ENABLE_HARDENED_RUNTIME = YES;
				ENABLE_PREVIEWS = YES;
				ENABLE_USER_SELECTED_FILES = readwrite;
				GENERATE_INFOPLIST_FILE = YES;
				INFOPLIST_KEY_NSHumanReadableCopyright = "";
				LD_RUNPATH_SEARCH_PATHS = (
					"$(inherited)",
					"@executable_path/../Frameworks",
				);
				MARKETING_VERSION = 1.0;
				PRODUCT_BUNDLE_IDENTIFIER = com.kai.DataShuttleMac;
				PRODUCT_NAME = "$(TARGET_NAME)";
				REGISTER_APP_GROUPS = YES;
				STRING_CATALOG_GENERATE_SYMBOLS = YES;
				SWIFT_APPROACHABLE_CONCURRENCY = YES;
				SWIFT_DEFAULT_ACTOR_ISOLATION = MainActor;
				SWIFT_EMIT_LOC_STRINGS = YES;
				SWIFT_UPCOMING_FEATURE_MEMBER_IMPORT_VISIBILITY = YES;
				SWIFT_VERSION = 5.0;
			};
			name = Debug;
		};
		33DB1D7E2F74C8B200526BA5 /* Release */ = {
			isa = XCBuildConfiguration;
			buildSettings = {
				ASSETCATALOG_COMPILER_APPICON_NAME = AppIcon;
				ASSETCATALOG_COMPILER_GLOBAL_ACCENT_COLOR_NAME = AccentColor;
				CODE_SIGN_ENTITLEMENTS = DataShuttle/DataShuttle.entitlements;
				CODE_SIGN_STYLE = Automatic;
				COMBINE_HIDPI_IMAGES = YES;
				CURRENT_PROJECT_VERSION = 1;
				DEVELOPMENT_TEAM = LLSUV2T7KS;
				ENABLE_APP_SANDBOX = YES;
				ENABLE_HARDENED_RUNTIME = YES;
				ENABLE_PREVIEWS = YES;
				ENABLE_USER_SELECTED_FILES = readwrite;
				GENERATE_INFOPLIST_FILE = YES;
				INFOPLIST_KEY_NSHumanReadableCopyright = "";
				LD_RUNPATH_SEARCH_PATHS = (
					"$(inherited)",
					"@executable_path/../Frameworks",
				);
				MARKETING_VERSION = 1.0;
				PRODUCT_BUNDLE_IDENTIFIER = com.kai.DataShuttleMac;
				PRODUCT_NAME = "$(TARGET_NAME)";
				REGISTER_APP_GROUPS = YES;
				STRING_CATALOG_GENERATE_SYMBOLS = YES;
				SWIFT_APPROACHABLE_CONCURRENCY = YES;
				SWIFT_DEFAULT_ACTOR_ISOLATION = MainActor;
				SWIFT_EMIT_LOC_STRINGS = YES;
				SWIFT_UPCOMING_FEATURE_MEMBER_IMPORT_VISIBILITY = YES;
				SWIFT_VERSION = 5.0;
			};
			name = Release;
		};
		33DB1D802F74C8B200526BA5 /* Debug */ = {
			isa = XCBuildConfiguration;
			buildSettings = {
				BUNDLE_LOADER = "$(TEST_HOST)";
				CODE_SIGN_STYLE = Automatic;
				CURRENT_PROJECT_VERSION = 1;
				DEVELOPMENT_TEAM = LLSUV2T7KS;
				GENERATE_INFOPLIST_FILE = YES;
				MACOSX_DEPLOYMENT_TARGET = 26.3;
				MARKETING_VERSION = 1.0;
				PRODUCT_BUNDLE_IDENTIFIER = com.kai.DataShuttleTests;
				PRODUCT_NAME = "$(TARGET_NAME)";
				STRING_CATALOG_GENERATE_SYMBOLS = NO;
				SWIFT_APPROACHABLE_CONCURRENCY = YES;
				SWIFT_EMIT_LOC_STRINGS = NO;
				SWIFT_UPCOMING_FEATURE_MEMBER_IMPORT_VISIBILITY = YES;
				SWIFT_VERSION = 5.0;
				TEST_HOST = "$(BUILT_PRODUCTS_DIR)/DataShuttle.app/$(BUNDLE_EXECUTABLE_FOLDER_PATH)/DataShuttle";
			};
			name = Debug;
		};
		33DB1D812F74C8B200526BA5 /* Release */ = {
			isa = XCBuildConfiguration;
			buildSettings = {
				BUNDLE_LOADER = "$(TEST_HOST)";
				CODE_SIGN_STYLE = Automatic;
				CURRENT_PROJECT_VERSION = 1;
				DEVELOPMENT_TEAM = LLSUV2T7KS;
				GENERATE_INFOPLIST_FILE = YES;
				MACOSX_DEPLOYMENT_TARGET = 26.3;
				MARKETING_VERSION = 1.0;
				PRODUCT_BUNDLE_IDENTIFIER = com.kai.DataShuttleTests;
				PRODUCT_NAME = "$(TARGET_NAME)";
				STRING_CATALOG_GENERATE_SYMBOLS = NO;
				SWIFT_APPROACHABLE_CONCURRENCY = YES;
				SWIFT_EMIT_LOC_STRINGS = NO;
				SWIFT_UPCOMING_FEATURE_MEMBER_IMPORT_VISIBILITY = YES;
				SWIFT_VERSION = 5.0;
				TEST_HOST = "$(BUILT_PRODUCTS_DIR)/DataShuttle.app/$(BUNDLE_EXECUTABLE_FOLDER_PATH)/DataShuttle";
			};
			name = Release;
		};
		33DB1D832F74C8B200526BA5 /* Debug */ = {
			isa = XCBuildConfiguration;
			buildSettings = {
				CODE_SIGN_STYLE = Automatic;
				CURRENT_PROJECT_VERSION = 1;
				DEVELOPMENT_TEAM = LLSUV2T7KS;
				GENERATE_INFOPLIST_FILE = YES;
				MARKETING_VERSION = 1.0;
				PRODUCT_BUNDLE_IDENTIFIER = com.kai.DataShuttleUITests;
				PRODUCT_NAME = "$(TARGET_NAME)";
				STRING_CATALOG_GENERATE_SYMBOLS = NO;
				SWIFT_APPROACHABLE_CONCURRENCY = YES;
				SWIFT_EMIT_LOC_STRINGS = NO;
				SWIFT_UPCOMING_FEATURE_MEMBER_IMPORT_VISIBILITY = YES;
				SWIFT_VERSION = 5.0;
				TEST_TARGET_NAME = DataShuttle;
			};
			name = Debug;
		};
		33DB1D842F74C8B200526BA5 /* Release */ = {
			isa = XCBuildConfiguration;
			buildSettings = {
				CODE_SIGN_STYLE = Automatic;
				CURRENT_PROJECT_VERSION = 1;
				DEVELOPMENT_TEAM = LLSUV2T7KS;
				GENERATE_INFOPLIST_FILE = YES;
				MARKETING_VERSION = 1.0;
				PRODUCT_BUNDLE_IDENTIFIER = com.kai.DataShuttleUITests;
				PRODUCT_NAME = "$(TARGET_NAME)";
				STRING_CATALOG_GENERATE_SYMBOLS = NO;
				SWIFT_APPROACHABLE_CONCURRENCY = YES;
				SWIFT_EMIT_LOC_STRINGS = NO;
				SWIFT_UPCOMING_FEATURE_MEMBER_IMPORT_VISIBILITY = YES;
				SWIFT_VERSION = 5.0;
				TEST_TARGET_NAME = DataShuttle;
			};
			name = Release;
		};
/* End XCBuildConfiguration section */

/* Begin XCConfigurationList section */
		33DB1D542F74C8B100526BA5 /* Build configuration list for PBXProject "DataShuttle" */ = {
			isa = XCConfigurationList;
			buildConfigurations = (
				33DB1D7A2F74C8B200526BA5 /* Debug */,
				33DB1D7B2F74C8B200526BA5 /* Release */,
			);
			defaultConfigurationIsVisible = 0;
			defaultConfigurationName = Release;
		};
		33DB1D7C2F74C8B200526BA5 /* Build configuration list for PBXNativeTarget "DataShuttle" */ = {
			isa = XCConfigurationList;
			buildConfigurations = (
				33DB1D7D2F74C8B200526BA5 /* Debug */,
				33DB1D7E2F74C8B200526BA5 /* Release */,
			);
			defaultConfigurationIsVisible = 0;
			defaultConfigurationName = Release;
		};
		33DB1D7F2F74C8B200526BA5 /* Build configuration list for PBXNativeTarget "DataShuttleTests" */ = {
			isa = XCConfigurationList;
			buildConfigurations = (
				33DB1D802F74C8B200526BA5 /* Debug */,
				33DB1D812F74C8B200526BA5 /* Release */,
			);
			defaultConfigurationIsVisible = 0;
			defaultConfigurationName = Release;
		};
		33DB1D822F74C8B200526BA5 /* Build configuration list for PBXNativeTarget "DataShuttleUITests" */ = {
			isa = XCConfigurationList;
			buildConfigurations = (
				33DB1D832F74C8B200526BA5 /* Debug */,
				33DB1D842F74C8B200526BA5 /* Release */,
			);
			defaultConfigurationIsVisible = 0;
			defaultConfigurationName = Release;
		};
/* End XCConfigurationList section */
	};
	rootObject = 33DB1D512F74C8B100526BA5 /* Project object */;
}
